
Microsoft Visual Studio Solution File, Format Version 12.00
# Visual Studio Version 17
VisualStudioVersion = 17.4.33213.308
MinimumVisualStudioVersion = 10.0.40219.1
Project("{FAE04EC0-301F-11D3-BF4B-00C04F79EFBC}") = "Oceano", "Oceano.csproj", "{EE7ED133-04AD-4540-88AC-84A9F6712B21}"
EndProject
Global
	GlobalSection(SolutionConfigurationPlatforms) = preSolution
		Debug|Any CPU = Debug|Any CPU
		Release|Any CPU = Release|Any CPU
	EndGlobalSection
	GlobalSection(ProjectConfigurationPlatforms) = postSolution
		{EE7ED133-04AD-4540-88AC-84A9F6712B21}.Debug|Any CPU.ActiveCfg = Debug|Any CPU
		{EE7ED133-04AD-4540-88AC-84A9F6712B21}.Debug|Any CPU.Build.0 = Debug|Any CPU
		{EE7ED133-04AD-4540-88AC-84A9F6712B21}.Release|Any CPU.ActiveCfg = Release|Any CPU
		{EE7ED133-04AD-4540-88AC-84A9F6712B21}.Release|Any CPU.Build.0 = Release|Any CPU
	EndGlobalSection
	GlobalSection(SolutionProperties) = preSolution
		HideSolutionNode = FALSE
	EndGlobalSection
	GlobalSection(ExtensibilityGlobals) = postSolution
		SolutionGuid = {B3556DC4-BF12-4E92-ACDA-B23818C54C8D}
	EndGlobalSection
EndGlobal
