
Microsoft Visual Studio Solution File, Format Version 12.00
# Visual Studio Version 17
VisualStudioVersion = 17.3.32929.385
MinimumVisualStudioVersion = 10.0.40219.1
Project("{FAE04EC0-301F-11D3-BF4B-00C04F79EFBC}") = "Oceano", "Oceano.csproj", "{CED15A5A-6D42-4928-BAE0-396DF94357BD}"
EndProject
Global
	GlobalSection(SolutionConfigurationPlatforms) = preSolution
		Debug|Any CPU = Debug|Any CPU
		Release|Any CPU = Release|Any CPU
	EndGlobalSection
	GlobalSection(ProjectConfigurationPlatforms) = postSolution
		{CED15A5A-6D42-4928-BAE0-396DF94357BD}.Debug|Any CPU.ActiveCfg = Debug|Any CPU
		{CED15A5A-6D42-4928-BAE0-396DF94357BD}.Debug|Any CPU.Build.0 = Debug|Any CPU
		{CED15A5A-6D42-4928-BAE0-396DF94357BD}.Release|Any CPU.ActiveCfg = Release|Any CPU
		{CED15A5A-6D42-4928-BAE0-396DF94357BD}.Release|Any CPU.Build.0 = Release|Any CPU
	EndGlobalSection
	GlobalSection(SolutionProperties) = preSolution
		HideSolutionNode = FALSE
	EndGlobalSection
	GlobalSection(ExtensibilityGlobals) = postSolution
		SolutionGuid = {273B8129-40E9-478B-8CB4-BC328E697654}
	EndGlobalSection
EndGlobal
