
Microsoft Visual Studio Solution File, Format Version 12.00
# Visual Studio Version 17
VisualStudioVersion = 17.6.33723.286
MinimumVisualStudioVersion = 10.0.40219.1
Project("{9A19103F-16F7-4668-BE54-9A1E7A4F7556}") = "Oceano", "Oceano.csproj", "{266FF060-3F06-4701-9F0A-6D4E520D2447}"
EndProject
Project("{2150E333-8FDC-42A3-9474-1A3956D46DE8}") = "Solution Items", "Solution Items", "{DF8EDB04-DF73-4781-939E-852569C68696}"
	ProjectSection(SolutionItems) = preProject
		.editorconfig = .editorconfig
	EndProjectSection
EndProject
Global
	GlobalSection(SolutionConfigurationPlatforms) = preSolution
		Debug|Any CPU = Debug|Any CPU
		Release|Any CPU = Release|Any CPU
	EndGlobalSection
	GlobalSection(ProjectConfigurationPlatforms) = postSolution
		{266FF060-3F06-4701-9F0A-6D4E520D2447}.Debug|Any CPU.ActiveCfg = Debug|Any CPU
		{266FF060-3F06-4701-9F0A-6D4E520D2447}.Debug|Any CPU.Build.0 = Debug|Any CPU
		{266FF060-3F06-4701-9F0A-6D4E520D2447}.Release|Any CPU.ActiveCfg = Release|Any CPU
		{266FF060-3F06-4701-9F0A-6D4E520D2447}.Release|Any CPU.Build.0 = Release|Any CPU
	EndGlobalSection
	GlobalSection(SolutionProperties) = preSolution
		HideSolutionNode = FALSE
	EndGlobalSection
	GlobalSection(ExtensibilityGlobals) = postSolution
		SolutionGuid = {6622E17F-4004-451D-A0DF-2CACC0889BF4}
	EndGlobalSection
EndGlobal
